
Microsoft Visual Studio Solution File, Format Version 12.00
# Visual Studio Version 17
VisualStudioVersion = 17.3.32901.215
MinimumVisualStudioVersion = 10.0.40219.1
Project("{FAE04EC0-301F-11D3-BF4B-00C04F79EFBC}") = "05_Sum", "05_Sum.csproj", "{4F95F08D-7D3D-426C-97ED-57974FA461AB}"
EndProject
Global
	GlobalSection(SolutionConfigurationPlatforms) = preSolution
		Debug|Any CPU = Debug|Any CPU
		Release|Any CPU = Release|Any CPU
	EndGlobalSection
	GlobalSection(ProjectConfigurationPlatforms) = postSolution
		{4F95F08D-7D3D-426C-97ED-57974FA461AB}.Debug|Any CPU.ActiveCfg = Debug|Any CPU
		{4F95F08D-7D3D-426C-97ED-57974FA461AB}.Debug|Any CPU.Build.0 = Debug|Any CPU
		{4F95F08D-7D3D-426C-97ED-57974FA461AB}.Release|Any CPU.ActiveCfg = Release|Any CPU
		{4F95F08D-7D3D-426C-97ED-57974FA461AB}.Release|Any CPU.Build.0 = Release|Any CPU
	EndGlobalSection
	GlobalSection(SolutionProperties) = preSolution
		HideSolutionNode = FALSE
	EndGlobalSection
	GlobalSection(ExtensibilityGlobals) = postSolution
		SolutionGuid = {B5233F3B-EA79-45C4-B961-41AEA2627CAC}
	EndGlobalSection
EndGlobal
