
Microsoft Visual Studio Solution File, Format Version 12.00
# Visual Studio Version 17
VisualStudioVersion = 17.3.32901.215
MinimumVisualStudioVersion = 10.0.40219.1
Project("{FAE04EC0-301F-11D3-BF4B-00C04F79EFBC}") = "04_Minimum", "04_Minimum.csproj", "{3EA79DFA-487E-4BF9-B4FB-ED59F6C2150A}"
EndProject
Global
	GlobalSection(SolutionConfigurationPlatforms) = preSolution
		Debug|Any CPU = Debug|Any CPU
		Release|Any CPU = Release|Any CPU
	EndGlobalSection
	GlobalSection(ProjectConfigurationPlatforms) = postSolution
		{3EA79DFA-487E-4BF9-B4FB-ED59F6C2150A}.Debug|Any CPU.ActiveCfg = Debug|Any CPU
		{3EA79DFA-487E-4BF9-B4FB-ED59F6C2150A}.Debug|Any CPU.Build.0 = Debug|Any CPU
		{3EA79DFA-487E-4BF9-B4FB-ED59F6C2150A}.Release|Any CPU.ActiveCfg = Release|Any CPU
		{3EA79DFA-487E-4BF9-B4FB-ED59F6C2150A}.Release|Any CPU.Build.0 = Release|Any CPU
	EndGlobalSection
	GlobalSection(SolutionProperties) = preSolution
		HideSolutionNode = FALSE
	EndGlobalSection
	GlobalSection(ExtensibilityGlobals) = postSolution
		SolutionGuid = {55EE572A-F994-44A3-B276-EE75A0DBF473}
	EndGlobalSection
EndGlobal
