
Microsoft Visual Studio Solution File, Format Version 12.00
# Visual Studio Version 17
VisualStudioVersion = 17.3.32901.215
MinimumVisualStudioVersion = 10.0.40219.1
Project("{FAE04EC0-301F-11D3-BF4B-00C04F79EFBC}") = "06_MissingLink", "06_MissingLink.csproj", "{9794EF5E-98E1-4D39-BF65-5EEDE244A0CC}"
EndProject
Global
	GlobalSection(SolutionConfigurationPlatforms) = preSolution
		Debug|Any CPU = Debug|Any CPU
		Release|Any CPU = Release|Any CPU
	EndGlobalSection
	GlobalSection(ProjectConfigurationPlatforms) = postSolution
		{9794EF5E-98E1-4D39-BF65-5EEDE244A0CC}.Debug|Any CPU.ActiveCfg = Debug|Any CPU
		{9794EF5E-98E1-4D39-BF65-5EEDE244A0CC}.Debug|Any CPU.Build.0 = Debug|Any CPU
		{9794EF5E-98E1-4D39-BF65-5EEDE244A0CC}.Release|Any CPU.ActiveCfg = Release|Any CPU
		{9794EF5E-98E1-4D39-BF65-5EEDE244A0CC}.Release|Any CPU.Build.0 = Release|Any CPU
	EndGlobalSection
	GlobalSection(SolutionProperties) = preSolution
		HideSolutionNode = FALSE
	EndGlobalSection
	GlobalSection(ExtensibilityGlobals) = postSolution
		SolutionGuid = {01B717E4-BB7E-4B4A-BD56-F3A758B3FA60}
	EndGlobalSection
EndGlobal
