
Microsoft Visual Studio Solution File, Format Version 12.00
# Visual Studio Version 17
VisualStudioVersion = 17.3.32901.215
MinimumVisualStudioVersion = 10.0.40219.1
Project("{FAE04EC0-301F-11D3-BF4B-00C04F79EFBC}") = "Sorting_Priciples", "Sorting_Priciples.csproj", "{5E52CB89-7C16-4251-AF40-755B109E9A27}"
EndProject
Global
	GlobalSection(SolutionConfigurationPlatforms) = preSolution
		Debug|Any CPU = Debug|Any CPU
		Release|Any CPU = Release|Any CPU
	EndGlobalSection
	GlobalSection(ProjectConfigurationPlatforms) = postSolution
		{5E52CB89-7C16-4251-AF40-755B109E9A27}.Debug|Any CPU.ActiveCfg = Debug|Any CPU
		{5E52CB89-7C16-4251-AF40-755B109E9A27}.Debug|Any CPU.Build.0 = Debug|Any CPU
		{5E52CB89-7C16-4251-AF40-755B109E9A27}.Release|Any CPU.ActiveCfg = Release|Any CPU
		{5E52CB89-7C16-4251-AF40-755B109E9A27}.Release|Any CPU.Build.0 = Release|Any CPU
	EndGlobalSection
	GlobalSection(SolutionProperties) = preSolution
		HideSolutionNode = FALSE
	EndGlobalSection
	GlobalSection(ExtensibilityGlobals) = postSolution
		SolutionGuid = {FC367AC1-ACCD-494B-B97C-0D7DC27FBB81}
	EndGlobalSection
EndGlobal
