
Microsoft Visual Studio Solution File, Format Version 12.00
# Visual Studio Version 17
VisualStudioVersion = 17.3.32901.215
MinimumVisualStudioVersion = 10.0.40219.1
Project("{FAE04EC0-301F-11D3-BF4B-00C04F79EFBC}") = "Missing", "Missing.csproj", "{CDD9EDF0-D5C3-4961-B9AD-9BD0DF76E3D2}"
EndProject
Global
	GlobalSection(SolutionConfigurationPlatforms) = preSolution
		Debug|Any CPU = Debug|Any CPU
		Release|Any CPU = Release|Any CPU
	EndGlobalSection
	GlobalSection(ProjectConfigurationPlatforms) = postSolution
		{CDD9EDF0-D5C3-4961-B9AD-9BD0DF76E3D2}.Debug|Any CPU.ActiveCfg = Debug|Any CPU
		{CDD9EDF0-D5C3-4961-B9AD-9BD0DF76E3D2}.Debug|Any CPU.Build.0 = Debug|Any CPU
		{CDD9EDF0-D5C3-4961-B9AD-9BD0DF76E3D2}.Release|Any CPU.ActiveCfg = Release|Any CPU
		{CDD9EDF0-D5C3-4961-B9AD-9BD0DF76E3D2}.Release|Any CPU.Build.0 = Release|Any CPU
	EndGlobalSection
	GlobalSection(SolutionProperties) = preSolution
		HideSolutionNode = FALSE
	EndGlobalSection
	GlobalSection(ExtensibilityGlobals) = postSolution
		SolutionGuid = {04C9F0A1-6AA8-4588-9CB1-CB882BCA4168}
	EndGlobalSection
EndGlobal
