
Microsoft Visual Studio Solution File, Format Version 12.00
# Visual Studio Version 17
VisualStudioVersion = 17.3.32901.215
MinimumVisualStudioVersion = 10.0.40219.1
Project("{FAE04EC0-301F-11D3-BF4B-00C04F79EFBC}") = "test", "test.csproj", "{9B4399ED-26A4-44AE-A08B-7F74EB070697}"
EndProject
Global
	GlobalSection(SolutionConfigurationPlatforms) = preSolution
		Debug|Any CPU = Debug|Any CPU
		Release|Any CPU = Release|Any CPU
	EndGlobalSection
	GlobalSection(ProjectConfigurationPlatforms) = postSolution
		{9B4399ED-26A4-44AE-A08B-7F74EB070697}.Debug|Any CPU.ActiveCfg = Debug|Any CPU
		{9B4399ED-26A4-44AE-A08B-7F74EB070697}.Debug|Any CPU.Build.0 = Debug|Any CPU
		{9B4399ED-26A4-44AE-A08B-7F74EB070697}.Release|Any CPU.ActiveCfg = Release|Any CPU
		{9B4399ED-26A4-44AE-A08B-7F74EB070697}.Release|Any CPU.Build.0 = Release|Any CPU
	EndGlobalSection
	GlobalSection(SolutionProperties) = preSolution
		HideSolutionNode = FALSE
	EndGlobalSection
	GlobalSection(ExtensibilityGlobals) = postSolution
		SolutionGuid = {E16665ED-2C42-47DF-B010-DAFFDCA1387F}
	EndGlobalSection
EndGlobal
